
Microsoft Visual Studio Solution File, Format Version 12.00
# Visual Studio 15
VisualStudioVersion = 15.0.27703.2035
MinimumVisualStudioVersion = 10.0.40219.1
Project("{FAE04EC0-301F-11D3-BF4B-00C04F79EFBC}") = "Calculator", "Calculator\Calculator.csproj", "{7D052AB2-9ECA-4C0C-A1BA-2FAE823B30C9}"
EndProject
Project("{FAE04EC0-301F-11D3-BF4B-00C04F79EFBC}") = "Calculator.BusinessLogic", "Calculator.BusinessLogic\Calculator.BusinessLogic.csproj", "{FDDE1A22-C636-43EF-A4FC-77DE375974F6}"
EndProject
Global
	GlobalSection(SolutionConfigurationPlatforms) = preSolution
		Debug|Any CPU = Debug|Any CPU
		Release|Any CPU = Release|Any CPU
	EndGlobalSection
	GlobalSection(ProjectConfigurationPlatforms) = postSolution
		{7D052AB2-9ECA-4C0C-A1BA-2FAE823B30C9}.Debug|Any CPU.ActiveCfg = Debug|Any CPU
		{7D052AB2-9ECA-4C0C-A1BA-2FAE823B30C9}.Debug|Any CPU.Build.0 = Debug|Any CPU
		{7D052AB2-9ECA-4C0C-A1BA-2FAE823B30C9}.Release|Any CPU.ActiveCfg = Release|Any CPU
		{7D052AB2-9ECA-4C0C-A1BA-2FAE823B30C9}.Release|Any CPU.Build.0 = Release|Any CPU
		{FDDE1A22-C636-43EF-A4FC-77DE375974F6}.Debug|Any CPU.ActiveCfg = Debug|Any CPU
		{FDDE1A22-C636-43EF-A4FC-77DE375974F6}.Debug|Any CPU.Build.0 = Debug|Any CPU
		{FDDE1A22-C636-43EF-A4FC-77DE375974F6}.Release|Any CPU.ActiveCfg = Release|Any CPU
		{FDDE1A22-C636-43EF-A4FC-77DE375974F6}.Release|Any CPU.Build.0 = Release|Any CPU
	EndGlobalSection
	GlobalSection(SolutionProperties) = preSolution
		HideSolutionNode = FALSE
	EndGlobalSection
	GlobalSection(ExtensibilityGlobals) = postSolution
		SolutionGuid = {CD30EE85-9E21-4606-B451-76A7ADF08D0B}
	EndGlobalSection
EndGlobal
